// !$*UTF8*$!
{
	archiveVersion = 1;
	classes = {
	};
	objectVersion = 70;
	objects = {

/* Begin PBXBuildFile section */
		670824DD2C59425300C3C746 /* VersionInformation.swift in Sources */ = {isa = PBXBuildFile; fileRef = 670824DC2C59425300C3C746 /* VersionInformation.swift */; };
		670824DE2C59425300C3C746 /* VersionInformation.swift in Sources */ = {isa = PBXBuildFile; fileRef = 670824DC2C59425300C3C746 /* VersionInformation.swift */; };
		670A38C52C5049C50041BC57 /* MainMenu.swift in Sources */ = {isa = PBXBuildFile; fileRef = 670A38C42C5049C50041BC57 /* MainMenu.swift */; };
		674E18882C5E93BA00013F8B /* FriendsData.swift in Sources */ = {isa = PBXBuildFile; fileRef = 67BF424F2C4EAE3600A678FD /* FriendsData.swift */; };
		674E18892C5E93BA00013F8B /* VersionInformation.swift in Sources */ = {isa = PBXBuildFile; fileRef = 670824DC2C59425300C3C746 /* VersionInformation.swift */; };
		674E188A2C5E93BA00013F8B /* AppLogo.swift in Sources */ = {isa = PBXBuildFile; fileRef = 67BE548D2C5157140060FDA1 /* AppLogo.swift */; };
		674E188B2C5E93BA00013F8B /* FamilyData.swift in Sources */ = {isa = PBXBuildFile; fileRef = 676EF5192C4CC748009F8DD2 /* FamilyData.swift */; };
		6757B66E2C5179C8002D2CA6 /* WFriendsView.swift in Sources */ = {isa = PBXBuildFile; fileRef = 6757B66D2C5179C8002D2CA6 /* WFriendsView.swift */; };
		6757B6702C5179DD002D2CA6 /* WFriendsDetail.swift in Sources */ = {isa = PBXBuildFile; fileRef = 6757B66F2C5179DD002D2CA6 /* WFriendsDetail.swift */; };
		6757B6722C517F22002D2CA6 /* WMainMenu.swift in Sources */ = {isa = PBXBuildFile; fileRef = 6757B6712C517F22002D2CA6 /* WMainMenu.swift */; };
		6765BBDC2C5574A800B3EA78 /* SDFamilyData.swift in Sources */ = {isa = PBXBuildFile; fileRef = 6765BBDB2C5574A800B3EA78 /* SDFamilyData.swift */; };
		6765BBDD2C5574A800B3EA78 /* SDFamilyData.swift in Sources */ = {isa = PBXBuildFile; fileRef = 6765BBDB2C5574A800B3EA78 /* SDFamilyData.swift */; };
		6765BBDF2C557A5D00B3EA78 /* FamlyDetailView.swift in Sources */ = {isa = PBXBuildFile; fileRef = 6765BBDE2C557A5D00B3EA78 /* FamlyDetailView.swift */; };
		6765BBE02C557A5D00B3EA78 /* FamlyDetailView.swift in Sources */ = {isa = PBXBuildFile; fileRef = 6765BBDE2C557A5D00B3EA78 /* FamlyDetailView.swift */; };
		676EF4F02C4CC71F009F8DD2 /* ListShareTestApp.swift in Sources */ = {isa = PBXBuildFile; fileRef = 676EF4EF2C4CC71F009F8DD2 /* ListShareTestApp.swift */; };
		676EF4F22C4CC71F009F8DD2 /* FamilyView.swift in Sources */ = {isa = PBXBuildFile; fileRef = 676EF4F12C4CC71F009F8DD2 /* FamilyView.swift */; };
		676EF4F42C4CC720009F8DD2 /* Assets.xcassets in Resources */ = {isa = PBXBuildFile; fileRef = 676EF4F32C4CC720009F8DD2 /* Assets.xcassets */; };
		676EF4F72C4CC720009F8DD2 /* Preview Assets.xcassets in Resources */ = {isa = PBXBuildFile; fileRef = 676EF4F62C4CC720009F8DD2 /* Preview Assets.xcassets */; };
		676EF5012C4CC720009F8DD2 /* ListShareTestTests.swift in Sources */ = {isa = PBXBuildFile; fileRef = 676EF5002C4CC720009F8DD2 /* ListShareTestTests.swift */; };
		676EF50B2C4CC720009F8DD2 /* ListShareTestUITests.swift in Sources */ = {isa = PBXBuildFile; fileRef = 676EF50A2C4CC720009F8DD2 /* ListShareTestUITests.swift */; };
		676EF50D2C4CC720009F8DD2 /* ListShareTestUITestsLaunchTests.swift in Sources */ = {isa = PBXBuildFile; fileRef = 676EF50C2C4CC720009F8DD2 /* ListShareTestUITestsLaunchTests.swift */; };
		676EF51A2C4CC748009F8DD2 /* FamilyData.swift in Sources */ = {isa = PBXBuildFile; fileRef = 676EF5192C4CC748009F8DD2 /* FamilyData.swift */; };
		67A11F942C4EB68B00289BC3 /* ListShareWatchApp.swift in Sources */ = {isa = PBXBuildFile; fileRef = 67A11F932C4EB68B00289BC3 /* ListShareWatchApp.swift */; };
		67A11F962C4EB68B00289BC3 /* WFamilyView.swift in Sources */ = {isa = PBXBuildFile; fileRef = 67A11F952C4EB68B00289BC3 /* WFamilyView.swift */; };
		67A11F982C4EB68D00289BC3 /* Assets.xcassets in Resources */ = {isa = PBXBuildFile; fileRef = 67A11F972C4EB68D00289BC3 /* Assets.xcassets */; };
		67A11F9B2C4EB68D00289BC3 /* Preview Assets.xcassets in Resources */ = {isa = PBXBuildFile; fileRef = 67A11F9A2C4EB68D00289BC3 /* Preview Assets.xcassets */; };
		67A11FA52C4EB68D00289BC3 /* ListShareWatch_Watch_AppTests.swift in Sources */ = {isa = PBXBuildFile; fileRef = 67A11FA42C4EB68D00289BC3 /* ListShareWatch_Watch_AppTests.swift */; };
		67A11FAF2C4EB68D00289BC3 /* ListShareWatch_Watch_AppUITests.swift in Sources */ = {isa = PBXBuildFile; fileRef = 67A11FAE2C4EB68D00289BC3 /* ListShareWatch_Watch_AppUITests.swift */; };
		67A11FB12C4EB68D00289BC3 /* ListShareWatch_Watch_AppUITestsLaunchTests.swift in Sources */ = {isa = PBXBuildFile; fileRef = 67A11FB02C4EB68D00289BC3 /* ListShareWatch_Watch_AppUITestsLaunchTests.swift */; };
		67A11FB42C4EB68D00289BC3 /* ListShareWatch Watch App.app in Embed Watch Content */ = {isa = PBXBuildFile; fileRef = 67A11F912C4EB68B00289BC3 /* ListShareWatch Watch App.app */; settings = {ATTRIBUTES = (RemoveHeadersOnCopy, ); }; };
		67A11FBF2C4EB6BC00289BC3 /* FriendsData.swift in Sources */ = {isa = PBXBuildFile; fileRef = 67BF424F2C4EAE3600A678FD /* FriendsData.swift */; };
		67A11FC02C4EB6BC00289BC3 /* FamilyData.swift in Sources */ = {isa = PBXBuildFile; fileRef = 676EF5192C4CC748009F8DD2 /* FamilyData.swift */; };
		67A11FC42C4EBC4000289BC3 /* WFamilyDetail.swift in Sources */ = {isa = PBXBuildFile; fileRef = 67A11FC32C4EBC4000289BC3 /* WFamilyDetail.swift */; };
		67BDCE8E2C59E1ED004ACC61 /* SDFriendData.swift in Sources */ = {isa = PBXBuildFile; fileRef = 67BDCE8D2C59E1ED004ACC61 /* SDFriendData.swift */; };
		67BDCE8F2C59E1ED004ACC61 /* SDFriendData.swift in Sources */ = {isa = PBXBuildFile; fileRef = 67BDCE8D2C59E1ED004ACC61 /* SDFriendData.swift */; };
		67BE54842C514C8F0060FDA1 /* About.swift in Sources */ = {isa = PBXBuildFile; fileRef = 67BE54832C514C8F0060FDA1 /* About.swift */; };
		67BE54862C514C9B0060FDA1 /* Support.swift in Sources */ = {isa = PBXBuildFile; fileRef = 67BE54852C514C9B0060FDA1 /* Support.swift */; };
		67BE54882C514DFA0060FDA1 /* AboutData.swift in Sources */ = {isa = PBXBuildFile; fileRef = 67BE54872C514DFA0060FDA1 /* AboutData.swift */; };
		67BE54892C514DFA0060FDA1 /* AboutData.swift in Sources */ = {isa = PBXBuildFile; fileRef = 67BE54872C514DFA0060FDA1 /* AboutData.swift */; };
		67BE548B2C514E0A0060FDA1 /* SupportData.swift in Sources */ = {isa = PBXBuildFile; fileRef = 67BE548A2C514E0A0060FDA1 /* SupportData.swift */; };
		67BE548C2C514E0A0060FDA1 /* SupportData.swift in Sources */ = {isa = PBXBuildFile; fileRef = 67BE548A2C514E0A0060FDA1 /* SupportData.swift */; };
		67BE548E2C5157140060FDA1 /* AppLogo.swift in Sources */ = {isa = PBXBuildFile; fileRef = 67BE548D2C5157140060FDA1 /* AppLogo.swift */; };
		67BE548F2C5157140060FDA1 /* AppLogo.swift in Sources */ = {isa = PBXBuildFile; fileRef = 67BE548D2C5157140060FDA1 /* AppLogo.swift */; };
		67BE54912C515E8C0060FDA1 /* About.swift in Sources */ = {isa = PBXBuildFile; fileRef = 67BE54832C514C8F0060FDA1 /* About.swift */; };
		67BE54922C515E8C0060FDA1 /* Support.swift in Sources */ = {isa = PBXBuildFile; fileRef = 67BE54852C514C9B0060FDA1 /* Support.swift */; };
		67BE54942C515EC20060FDA1 /* WAbout.swift in Sources */ = {isa = PBXBuildFile; fileRef = 67BE54932C515EC20060FDA1 /* WAbout.swift */; };
		67BE54952C515EC20060FDA1 /* WAbout.swift in Sources */ = {isa = PBXBuildFile; fileRef = 67BE54932C515EC20060FDA1 /* WAbout.swift */; };
		67BE54972C515ED20060FDA1 /* WSupport.swift in Sources */ = {isa = PBXBuildFile; fileRef = 67BE54962C515ED20060FDA1 /* WSupport.swift */; };
		67BF424E2C4EAC2A00A678FD /* Friends.swift in Sources */ = {isa = PBXBuildFile; fileRef = 67BF424D2C4EAC2A00A678FD /* Friends.swift */; };
		67BF42502C4EAE3600A678FD /* FriendsData.swift in Sources */ = {isa = PBXBuildFile; fileRef = 67BF424F2C4EAE3600A678FD /* FriendsData.swift */; };
		67BF42542C4EB17800A678FD /* FriendsDetailView.swift in Sources */ = {isa = PBXBuildFile; fileRef = 67BF42532C4EB17800A678FD /* FriendsDetailView.swift */; };
/* End PBXBuildFile section */

/* Begin PBXContainerItemProxy section */
		674E186E2C5E936300013F8B /* PBXContainerItemProxy */ = {
			isa = PBXContainerItemProxy;
			containerPortal = 676EF4E42C4CC71F009F8DD2 /* Project object */;
			proxyType = 1;
			remoteGlobalIDString = 674E185C2C5E936100013F8B;
			remoteInfo = MListShareTest;
		};
		674E18782C5E936300013F8B /* PBXContainerItemProxy */ = {
			isa = PBXContainerItemProxy;
			containerPortal = 676EF4E42C4CC71F009F8DD2 /* Project object */;
			proxyType = 1;
			remoteGlobalIDString = 674E185C2C5E936100013F8B;
			remoteInfo = MListShareTest;
		};
		676EF4FD2C4CC720009F8DD2 /* PBXContainerItemProxy */ = {
			isa = PBXContainerItemProxy;
			containerPortal = 676EF4E42C4CC71F009F8DD2 /* Project object */;
			proxyType = 1;
			remoteGlobalIDString = 676EF4EB2C4CC71F009F8DD2;
			remoteInfo = ListShareTest;
		};
		676EF5072C4CC720009F8DD2 /* PBXContainerItemProxy */ = {
			isa = PBXContainerItemProxy;
			containerPortal = 676EF4E42C4CC71F009F8DD2 /* Project object */;
			proxyType = 1;
			remoteGlobalIDString = 676EF4EB2C4CC71F009F8DD2;
			remoteInfo = ListShareTest;
		};
		67A11FA12C4EB68D00289BC3 /* PBXContainerItemProxy */ = {
			isa = PBXContainerItemProxy;
			containerPortal = 676EF4E42C4CC71F009F8DD2 /* Project object */;
			proxyType = 1;
			remoteGlobalIDString = 67A11F902C4EB68B00289BC3;
			remoteInfo = "ListShareWatch Watch App";
		};
		67A11FAB2C4EB68D00289BC3 /* PBXContainerItemProxy */ = {
			isa = PBXContainerItemProxy;
			containerPortal = 676EF4E42C4CC71F009F8DD2 /* Project object */;
			proxyType = 1;
			remoteGlobalIDString = 67A11F902C4EB68B00289BC3;
			remoteInfo = "ListShareWatch Watch App";
		};
		67A11FB22C4EB68D00289BC3 /* PBXContainerItemProxy */ = {
			isa = PBXContainerItemProxy;
			containerPortal = 676EF4E42C4CC71F009F8DD2 /* Project object */;
			proxyType = 1;
			remoteGlobalIDString = 67A11F902C4EB68B00289BC3;
			remoteInfo = "ListShareWatch Watch App";
		};
/* End PBXContainerItemProxy section */

/* Begin PBXCopyFilesBuildPhase section */
		6757B6652C517630002D2CA6 /* Embed Foundation Extensions */ = {
			isa = PBXCopyFilesBuildPhase;
			buildActionMask = 8;
			dstPath = "";
			dstSubfolderSpec = 13;
			files = (
			);
			name = "Embed Foundation Extensions";
			runOnlyForDeploymentPostprocessing = 1;
		};
		67A11FB52C4EB68D00289BC3 /* Embed Watch Content */ = {
			isa = PBXCopyFilesBuildPhase;
			buildActionMask = 8;
			dstPath = "$(CONTENTS_FOLDER_PATH)/Watch";
			dstSubfolderSpec = 16;
			files = (
				67A11FB42C4EB68D00289BC3 /* ListShareWatch Watch App.app in Embed Watch Content */,
			);
			name = "Embed Watch Content";
			runOnlyForDeploymentPostprocessing = 1;
		};
/* End PBXCopyFilesBuildPhase section */

/* Begin PBXFileReference section */
		670824DC2C59425300C3C746 /* VersionInformation.swift */ = {isa = PBXFileReference; lastKnownFileType = sourcecode.swift; path = VersionInformation.swift; sourceTree = "<group>"; };
		670A38C42C5049C50041BC57 /* MainMenu.swift */ = {isa = PBXFileReference; lastKnownFileType = sourcecode.swift; path = MainMenu.swift; sourceTree = "<group>"; };
		674E185D2C5E936100013F8B /* MListShareTest.app */ = {isa = PBXFileReference; explicitFileType = wrapper.application; includeInIndex = 0; path = MListShareTest.app; sourceTree = BUILT_PRODUCTS_DIR; };
		674E186D2C5E936300013F8B /* MListShareTestTests.xctest */ = {isa = PBXFileReference; explicitFileType = wrapper.cfbundle; includeInIndex = 0; path = MListShareTestTests.xctest; sourceTree = BUILT_PRODUCTS_DIR; };
		674E18772C5E936300013F8B /* MListShareTestUITests.xctest */ = {isa = PBXFileReference; explicitFileType = wrapper.cfbundle; includeInIndex = 0; path = MListShareTestUITests.xctest; sourceTree = BUILT_PRODUCTS_DIR; };
		6757B6562C51762F002D2CA6 /* WidgetKit.framework */ = {isa = PBXFileReference; lastKnownFileType = wrapper.framework; name = WidgetKit.framework; path = System/Library/Frameworks/WidgetKit.framework; sourceTree = SDKROOT; };
		6757B6582C51762F002D2CA6 /* SwiftUI.framework */ = {isa = PBXFileReference; lastKnownFileType = wrapper.framework; name = SwiftUI.framework; path = System/Library/Frameworks/SwiftUI.framework; sourceTree = SDKROOT; };
		6757B66D2C5179C8002D2CA6 /* WFriendsView.swift */ = {isa = PBXFileReference; lastKnownFileType = sourcecode.swift; path = WFriendsView.swift; sourceTree = "<group>"; };
		6757B66F2C5179DD002D2CA6 /* WFriendsDetail.swift */ = {isa = PBXFileReference; lastKnownFileType = sourcecode.swift; path = WFriendsDetail.swift; sourceTree = "<group>"; };
		6757B6712C517F22002D2CA6 /* WMainMenu.swift */ = {isa = PBXFileReference; lastKnownFileType = sourcecode.swift; path = WMainMenu.swift; sourceTree = "<group>"; };
		6765BBDB2C5574A800B3EA78 /* SDFamilyData.swift */ = {isa = PBXFileReference; lastKnownFileType = sourcecode.swift; path = SDFamilyData.swift; sourceTree = "<group>"; };
		6765BBDE2C557A5D00B3EA78 /* FamlyDetailView.swift */ = {isa = PBXFileReference; lastKnownFileType = sourcecode.swift; path = FamlyDetailView.swift; sourceTree = "<group>"; };
		676EF4EC2C4CC71F009F8DD2 /* ListShareTest.app */ = {isa = PBXFileReference; explicitFileType = wrapper.application; includeInIndex = 0; path = ListShareTest.app; sourceTree = BUILT_PRODUCTS_DIR; };
		676EF4EF2C4CC71F009F8DD2 /* ListShareTestApp.swift */ = {isa = PBXFileReference; lastKnownFileType = sourcecode.swift; path = ListShareTestApp.swift; sourceTree = "<group>"; };
		676EF4F12C4CC71F009F8DD2 /* FamilyView.swift */ = {isa = PBXFileReference; lastKnownFileType = sourcecode.swift; path = FamilyView.swift; sourceTree = "<group>"; };
		676EF4F32C4CC720009F8DD2 /* Assets.xcassets */ = {isa = PBXFileReference; lastKnownFileType = folder.assetcatalog; path = Assets.xcassets; sourceTree = "<group>"; };
		676EF4F62C4CC720009F8DD2 /* Preview Assets.xcassets */ = {isa = PBXFileReference; lastKnownFileType = folder.assetcatalog; path = "Preview Assets.xcassets"; sourceTree = "<group>"; };
		676EF4FC2C4CC720009F8DD2 /* ListShareTestTests.xctest */ = {isa = PBXFileReference; explicitFileType = wrapper.cfbundle; includeInIndex = 0; path = ListShareTestTests.xctest; sourceTree = BUILT_PRODUCTS_DIR; };
		676EF5002C4CC720009F8DD2 /* ListShareTestTests.swift */ = {isa = PBXFileReference; lastKnownFileType = sourcecode.swift; path = ListShareTestTests.swift; sourceTree = "<group>"; };
		676EF5062C4CC720009F8DD2 /* ListShareTestUITests.xctest */ = {isa = PBXFileReference; explicitFileType = wrapper.cfbundle; includeInIndex = 0; path = ListShareTestUITests.xctest; sourceTree = BUILT_PRODUCTS_DIR; };
		676EF50A2C4CC720009F8DD2 /* ListShareTestUITests.swift */ = {isa = PBXFileReference; lastKnownFileType = sourcecode.swift; path = ListShareTestUITests.swift; sourceTree = "<group>"; };
		676EF50C2C4CC720009F8DD2 /* ListShareTestUITestsLaunchTests.swift */ = {isa = PBXFileReference; lastKnownFileType = sourcecode.swift; path = ListShareTestUITestsLaunchTests.swift; sourceTree = "<group>"; };
		676EF5192C4CC748009F8DD2 /* FamilyData.swift */ = {isa = PBXFileReference; lastKnownFileType = sourcecode.swift; path = FamilyData.swift; sourceTree = "<group>"; };
		67A11F912C4EB68B00289BC3 /* ListShareWatch Watch App.app */ = {isa = PBXFileReference; explicitFileType = wrapper.application; includeInIndex = 0; path = "ListShareWatch Watch App.app"; sourceTree = BUILT_PRODUCTS_DIR; };
		67A11F932C4EB68B00289BC3 /* ListShareWatchApp.swift */ = {isa = PBXFileReference; lastKnownFileType = sourcecode.swift; path = ListShareWatchApp.swift; sourceTree = "<group>"; };
		67A11F952C4EB68B00289BC3 /* WFamilyView.swift */ = {isa = PBXFileReference; lastKnownFileType = sourcecode.swift; path = WFamilyView.swift; sourceTree = "<group>"; };
		67A11F972C4EB68D00289BC3 /* Assets.xcassets */ = {isa = PBXFileReference; lastKnownFileType = folder.assetcatalog; path = Assets.xcassets; sourceTree = "<group>"; };
		67A11F9A2C4EB68D00289BC3 /* Preview Assets.xcassets */ = {isa = PBXFileReference; lastKnownFileType = folder.assetcatalog; path = "Preview Assets.xcassets"; sourceTree = "<group>"; };
		67A11FA02C4EB68D00289BC3 /* ListShareWatch Watch AppTests.xctest */ = {isa = PBXFileReference; explicitFileType = wrapper.cfbundle; includeInIndex = 0; path = "ListShareWatch Watch AppTests.xctest"; sourceTree = BUILT_PRODUCTS_DIR; };
		67A11FA42C4EB68D00289BC3 /* ListShareWatch_Watch_AppTests.swift */ = {isa = PBXFileReference; lastKnownFileType = sourcecode.swift; path = ListShareWatch_Watch_AppTests.swift; sourceTree = "<group>"; };
		67A11FAA2C4EB68D00289BC3 /* ListShareWatch Watch AppUITests.xctest */ = {isa = PBXFileReference; explicitFileType = wrapper.cfbundle; includeInIndex = 0; path = "ListShareWatch Watch AppUITests.xctest"; sourceTree = BUILT_PRODUCTS_DIR; };
		67A11FAE2C4EB68D00289BC3 /* ListShareWatch_Watch_AppUITests.swift */ = {isa = PBXFileReference; lastKnownFileType = sourcecode.swift; path = ListShareWatch_Watch_AppUITests.swift; sourceTree = "<group>"; };
		67A11FB02C4EB68D00289BC3 /* ListShareWatch_Watch_AppUITestsLaunchTests.swift */ = {isa = PBXFileReference; lastKnownFileType = sourcecode.swift; path = ListShareWatch_Watch_AppUITestsLaunchTests.swift; sourceTree = "<group>"; };
		67A11FC32C4EBC4000289BC3 /* WFamilyDetail.swift */ = {isa = PBXFileReference; lastKnownFileType = sourcecode.swift; path = WFamilyDetail.swift; sourceTree = "<group>"; };
		67BDCE8D2C59E1ED004ACC61 /* SDFriendData.swift */ = {isa = PBXFileReference; lastKnownFileType = sourcecode.swift; path = SDFriendData.swift; sourceTree = "<group>"; };
		67BE54832C514C8F0060FDA1 /* About.swift */ = {isa = PBXFileReference; lastKnownFileType = sourcecode.swift; path = About.swift; sourceTree = "<group>"; };
		67BE54852C514C9B0060FDA1 /* Support.swift */ = {isa = PBXFileReference; lastKnownFileType = sourcecode.swift; path = Support.swift; sourceTree = "<group>"; };
		67BE54872C514DFA0060FDA1 /* AboutData.swift */ = {isa = PBXFileReference; lastKnownFileType = sourcecode.swift; path = AboutData.swift; sourceTree = "<group>"; };
		67BE548A2C514E0A0060FDA1 /* SupportData.swift */ = {isa = PBXFileReference; lastKnownFileType = sourcecode.swift; path = SupportData.swift; sourceTree = "<group>"; };
		67BE548D2C5157140060FDA1 /* AppLogo.swift */ = {isa = PBXFileReference; lastKnownFileType = sourcecode.swift; path = AppLogo.swift; sourceTree = "<group>"; };
		67BE54932C515EC20060FDA1 /* WAbout.swift */ = {isa = PBXFileReference; lastKnownFileType = sourcecode.swift; path = WAbout.swift; sourceTree = "<group>"; };
		67BE54962C515ED20060FDA1 /* WSupport.swift */ = {isa = PBXFileReference; lastKnownFileType = sourcecode.swift; path = WSupport.swift; sourceTree = "<group>"; };
		67BF424D2C4EAC2A00A678FD /* Friends.swift */ = {isa = PBXFileReference; lastKnownFileType = sourcecode.swift; path = Friends.swift; sourceTree = "<group>"; };
		67BF424F2C4EAE3600A678FD /* FriendsData.swift */ = {isa = PBXFileReference; lastKnownFileType = sourcecode.swift; path = FriendsData.swift; sourceTree = "<group>"; };
		67BF42532C4EB17800A678FD /* FriendsDetailView.swift */ = {isa = PBXFileReference; lastKnownFileType = sourcecode.swift; path = FriendsDetailView.swift; sourceTree = "<group>"; };
/* End PBXFileReference section */

/* Begin PBXFileSystemSynchronizedRootGroup section */
		674E185E2C5E936200013F8B /* MListShareTest */ = {isa = PBXFileSystemSynchronizedRootGroup; explicitFileTypes = {}; explicitFolders = (); path = MListShareTest; sourceTree = "<group>"; };
		674E18702C5E936300013F8B /* MListShareTestTests */ = {isa = PBXFileSystemSynchronizedRootGroup; explicitFileTypes = {}; explicitFolders = (); path = MListShareTestTests; sourceTree = "<group>"; };
		674E187A2C5E936300013F8B /* MListShareTestUITests */ = {isa = PBXFileSystemSynchronizedRootGroup; explicitFileTypes = {}; explicitFolders = (); path = MListShareTestUITests; sourceTree = "<group>"; };
/* End PBXFileSystemSynchronizedRootGroup section */

/* Begin PBXFrameworksBuildPhase section */
		674E185A2C5E936100013F8B /* Frameworks */ = {
			isa = PBXFrameworksBuildPhase;
			buildActionMask = 2147483647;
			files = (
			);
			runOnlyForDeploymentPostprocessing = 0;
		};
		674E186A2C5E936300013F8B /* Frameworks */ = {
			isa = PBXFrameworksBuildPhase;
			buildActionMask = 2147483647;
			files = (
			);
			runOnlyForDeploymentPostprocessing = 0;
		};
		674E18742C5E936300013F8B /* Frameworks */ = {
			isa = PBXFrameworksBuildPhase;
			buildActionMask = 2147483647;
			files = (
			);
			runOnlyForDeploymentPostprocessing = 0;
		};
		676EF4E92C4CC71F009F8DD2 /* Frameworks */ = {
			isa = PBXFrameworksBuildPhase;
			buildActionMask = 2147483647;
			files = (
			);
			runOnlyForDeploymentPostprocessing = 0;
		};
		676EF4F92C4CC720009F8DD2 /* Frameworks */ = {
			isa = PBXFrameworksBuildPhase;
			buildActionMask = 2147483647;
			files = (
			);
			runOnlyForDeploymentPostprocessing = 0;
		};
		676EF5032C4CC720009F8DD2 /* Frameworks */ = {
			isa = PBXFrameworksBuildPhase;
			buildActionMask = 2147483647;
			files = (
			);
			runOnlyForDeploymentPostprocessing = 0;
		};
		67A11F8E2C4EB68B00289BC3 /* Frameworks */ = {
			isa = PBXFrameworksBuildPhase;
			buildActionMask = 2147483647;
			files = (
			);
			runOnlyForDeploymentPostprocessing = 0;
		};
		67A11F9D2C4EB68D00289BC3 /* Frameworks */ = {
			isa = PBXFrameworksBuildPhase;
			buildActionMask = 2147483647;
			files = (
			);
			runOnlyForDeploymentPostprocessing = 0;
		};
		67A11FA72C4EB68D00289BC3 /* Frameworks */ = {
			isa = PBXFrameworksBuildPhase;
			buildActionMask = 2147483647;
			files = (
			);
			runOnlyForDeploymentPostprocessing = 0;
		};
/* End PBXFrameworksBuildPhase section */

/* Begin PBXGroup section */
		6757B6552C51762F002D2CA6 /* Frameworks */ = {
			isa = PBXGroup;
			children = (
				6757B6562C51762F002D2CA6 /* WidgetKit.framework */,
				6757B6582C51762F002D2CA6 /* SwiftUI.framework */,
			);
			name = Frameworks;
			sourceTree = "<group>";
		};
		676EF4E32C4CC71F009F8DD2 = {
			isa = PBXGroup;
			children = (
				676EF4EE2C4CC71F009F8DD2 /* ListShareTest */,
				676EF4FF2C4CC720009F8DD2 /* ListShareTestTests */,
				676EF5092C4CC720009F8DD2 /* ListShareTestUITests */,
				67A11F922C4EB68B00289BC3 /* ListShareWatch Watch App */,
				67A11FA32C4EB68D00289BC3 /* ListShareWatch Watch AppTests */,
				67A11FAD2C4EB68D00289BC3 /* ListShareWatch Watch AppUITests */,
				674E185E2C5E936200013F8B /* MListShareTest */,
				674E18702C5E936300013F8B /* MListShareTestTests */,
				674E187A2C5E936300013F8B /* MListShareTestUITests */,
				6757B6552C51762F002D2CA6 /* Frameworks */,
				676EF4ED2C4CC71F009F8DD2 /* Products */,
			);
			sourceTree = "<group>";
		};
		676EF4ED2C4CC71F009F8DD2 /* Products */ = {
			isa = PBXGroup;
			children = (
				676EF4EC2C4CC71F009F8DD2 /* ListShareTest.app */,
				676EF4FC2C4CC720009F8DD2 /* ListShareTestTests.xctest */,
				676EF5062C4CC720009F8DD2 /* ListShareTestUITests.xctest */,
				67A11F912C4EB68B00289BC3 /* ListShareWatch Watch App.app */,
				67A11FA02C4EB68D00289BC3 /* ListShareWatch Watch AppTests.xctest */,
				67A11FAA2C4EB68D00289BC3 /* ListShareWatch Watch AppUITests.xctest */,
				674E185D2C5E936100013F8B /* MListShareTest.app */,
				674E186D2C5E936300013F8B /* MListShareTestTests.xctest */,
				674E18772C5E936300013F8B /* MListShareTestUITests.xctest */,
			);
			name = Products;
			sourceTree = "<group>";
		};
		676EF4EE2C4CC71F009F8DD2 /* ListShareTest */ = {
			isa = PBXGroup;
			children = (
				676EF4EF2C4CC71F009F8DD2 /* ListShareTestApp.swift */,
				67BE54902C515DF70060FDA1 /* About and Support */,
				67BF42552C4EB23900A678FD /* Databases */,
				67BDCE8C2C59E178004ACC61 /* SwiftData */,
				670A38C42C5049C50041BC57 /* MainMenu.swift */,
				676EF4F12C4CC71F009F8DD2 /* FamilyView.swift */,
				6765BBDE2C557A5D00B3EA78 /* FamlyDetailView.swift */,
				67BF424D2C4EAC2A00A678FD /* Friends.swift */,
				67BF42532C4EB17800A678FD /* FriendsDetailView.swift */,
				676EF4F32C4CC720009F8DD2 /* Assets.xcassets */,
				676EF4F52C4CC720009F8DD2 /* Preview Content */,
			);
			path = ListShareTest;
			sourceTree = "<group>";
		};
		676EF4F52C4CC720009F8DD2 /* Preview Content */ = {
			isa = PBXGroup;
			children = (
				676EF4F62C4CC720009F8DD2 /* Preview Assets.xcassets */,
			);
			path = "Preview Content";
			sourceTree = "<group>";
		};
		676EF4FF2C4CC720009F8DD2 /* ListShareTestTests */ = {
			isa = PBXGroup;
			children = (
				676EF5002C4CC720009F8DD2 /* ListShareTestTests.swift */,
			);
			path = ListShareTestTests;
			sourceTree = "<group>";
		};
		676EF5092C4CC720009F8DD2 /* ListShareTestUITests */ = {
			isa = PBXGroup;
			children = (
				676EF50A2C4CC720009F8DD2 /* ListShareTestUITests.swift */,
				676EF50C2C4CC720009F8DD2 /* ListShareTestUITestsLaunchTests.swift */,
			);
			path = ListShareTestUITests;
			sourceTree = "<group>";
		};
		67A11F922C4EB68B00289BC3 /* ListShareWatch Watch App */ = {
			isa = PBXGroup;
			children = (
				67A11F932C4EB68B00289BC3 /* ListShareWatchApp.swift */,
				6757B6712C517F22002D2CA6 /* WMainMenu.swift */,
				67BE54992C515EDF0060FDA1 /* WAbout and Support */,
				67A11F952C4EB68B00289BC3 /* WFamilyView.swift */,
				67A11FC32C4EBC4000289BC3 /* WFamilyDetail.swift */,
				6757B66D2C5179C8002D2CA6 /* WFriendsView.swift */,
				6757B66F2C5179DD002D2CA6 /* WFriendsDetail.swift */,
				67A11F972C4EB68D00289BC3 /* Assets.xcassets */,
				67A11F992C4EB68D00289BC3 /* Preview Content */,
			);
			path = "ListShareWatch Watch App";
			sourceTree = "<group>";
		};
		67A11F992C4EB68D00289BC3 /* Preview Content */ = {
			isa = PBXGroup;
			children = (
				67A11F9A2C4EB68D00289BC3 /* Preview Assets.xcassets */,
			);
			path = "Preview Content";
			sourceTree = "<group>";
		};
		67A11FA32C4EB68D00289BC3 /* ListShareWatch Watch AppTests */ = {
			isa = PBXGroup;
			children = (
				67A11FA42C4EB68D00289BC3 /* ListShareWatch_Watch_AppTests.swift */,
			);
			path = "ListShareWatch Watch AppTests";
			sourceTree = "<group>";
		};
		67A11FAD2C4EB68D00289BC3 /* ListShareWatch Watch AppUITests */ = {
			isa = PBXGroup;
			children = (
				67A11FAE2C4EB68D00289BC3 /* ListShareWatch_Watch_AppUITests.swift */,
				67A11FB02C4EB68D00289BC3 /* ListShareWatch_Watch_AppUITestsLaunchTests.swift */,
			);
			path = "ListShareWatch Watch AppUITests";
			sourceTree = "<group>";
		};
		67BDCE8C2C59E178004ACC61 /* SwiftData */ = {
			isa = PBXGroup;
			children = (
				6765BBDB2C5574A800B3EA78 /* SDFamilyData.swift */,
				67BDCE8D2C59E1ED004ACC61 /* SDFriendData.swift */,
			);
			path = SwiftData;
			sourceTree = "<group>";
		};
		67BE54902C515DF70060FDA1 /* About and Support */ = {
			isa = PBXGroup;
			children = (
				67BE54832C514C8F0060FDA1 /* About.swift */,
				67BE54852C514C9B0060FDA1 /* Support.swift */,
			);
			path = "About and Support";
			sourceTree = "<group>";
		};
		67BE54992C515EDF0060FDA1 /* WAbout and Support */ = {
			isa = PBXGroup;
			children = (
				67BE54932C515EC20060FDA1 /* WAbout.swift */,
				67BE54962C515ED20060FDA1 /* WSupport.swift */,
			);
			path = "WAbout and Support";
			sourceTree = "<group>";
		};
		67BF42552C4EB23900A678FD /* Databases */ = {
			isa = PBXGroup;
			children = (
				676EF5192C4CC748009F8DD2 /* FamilyData.swift */,
				67BF424F2C4EAE3600A678FD /* FriendsData.swift */,
				67BE54872C514DFA0060FDA1 /* AboutData.swift */,
				67BE548A2C514E0A0060FDA1 /* SupportData.swift */,
				67BE548D2C5157140060FDA1 /* AppLogo.swift */,
				670824DC2C59425300C3C746 /* VersionInformation.swift */,
			);
			path = Databases;
			sourceTree = "<group>";
		};
/* End PBXGroup section */

/* Begin PBXNativeTarget section */
		674E185C2C5E936100013F8B /* MListShareTest */ = {
			isa = PBXNativeTarget;
			buildConfigurationList = 674E18852C5E936300013F8B /* Build configuration list for PBXNativeTarget "MListShareTest" */;
			buildPhases = (
				674E18592C5E936100013F8B /* Sources */,
				674E185A2C5E936100013F8B /* Frameworks */,
				674E185B2C5E936100013F8B /* Resources */,
			);
			buildRules = (
			);
			dependencies = (
			);
			fileSystemSynchronizedGroups = (
				674E185E2C5E936200013F8B /* MListShareTest */,
			);
			name = MListShareTest;
			packageProductDependencies = (
			);
			productName = MListShareTest;
			productReference = 674E185D2C5E936100013F8B /* MListShareTest.app */;
			productType = "com.apple.product-type.application";
		};
		674E186C2C5E936300013F8B /* MListShareTestTests */ = {
			isa = PBXNativeTarget;
			buildConfigurationList = 674E18862C5E936300013F8B /* Build configuration list for PBXNativeTarget "MListShareTestTests" */;
			buildPhases = (
				674E18692C5E936300013F8B /* Sources */,
				674E186A2C5E936300013F8B /* Frameworks */,
				674E186B2C5E936300013F8B /* Resources */,
			);
			buildRules = (
			);
			dependencies = (
				674E186F2C5E936300013F8B /* PBXTargetDependency */,
			);
			fileSystemSynchronizedGroups = (
				674E18702C5E936300013F8B /* MListShareTestTests */,
			);
			name = MListShareTestTests;
			packageProductDependencies = (
			);
			productName = MListShareTestTests;
			productReference = 674E186D2C5E936300013F8B /* MListShareTestTests.xctest */;
			productType = "com.apple.product-type.bundle.unit-test";
		};
		674E18762C5E936300013F8B /* MListShareTestUITests */ = {
			isa = PBXNativeTarget;
			buildConfigurationList = 674E18872C5E936300013F8B /* Build configuration list for PBXNativeTarget "MListShareTestUITests" */;
			buildPhases = (
				674E18732C5E936300013F8B /* Sources */,
				674E18742C5E936300013F8B /* Frameworks */,
				674E18752C5E936300013F8B /* Resources */,
			);
			buildRules = (
			);
			dependencies = (
				674E18792C5E936300013F8B /* PBXTargetDependency */,
			);
			fileSystemSynchronizedGroups = (
				674E187A2C5E936300013F8B /* MListShareTestUITests */,
			);
			name = MListShareTestUITests;
			packageProductDependencies = (
			);
			productName = MListShareTestUITests;
			productReference = 674E18772C5E936300013F8B /* MListShareTestUITests.xctest */;
			productType = "com.apple.product-type.bundle.ui-testing";
		};
		676EF4EB2C4CC71F009F8DD2 /* ListShareTest */ = {
			isa = PBXNativeTarget;
			buildConfigurationList = 676EF5102C4CC720009F8DD2 /* Build configuration list for PBXNativeTarget "ListShareTest" */;
			buildPhases = (
				676EF4E82C4CC71F009F8DD2 /* Sources */,
				676EF4E92C4CC71F009F8DD2 /* Frameworks */,
				676EF4EA2C4CC71F009F8DD2 /* Resources */,
				67A11FB52C4EB68D00289BC3 /* Embed Watch Content */,
				6757B6652C517630002D2CA6 /* Embed Foundation Extensions */,
			);
			buildRules = (
			);
			dependencies = (
				67A11FB32C4EB68D00289BC3 /* PBXTargetDependency */,
			);
			name = ListShareTest;
			productName = ListShareTest;
			productReference = 676EF4EC2C4CC71F009F8DD2 /* ListShareTest.app */;
			productType = "com.apple.product-type.application";
		};
		676EF4FB2C4CC720009F8DD2 /* ListShareTestTests */ = {
			isa = PBXNativeTarget;
			buildConfigurationList = 676EF5132C4CC720009F8DD2 /* Build configuration list for PBXNativeTarget "ListShareTestTests" */;
			buildPhases = (
				676EF4F82C4CC720009F8DD2 /* Sources */,
				676EF4F92C4CC720009F8DD2 /* Frameworks */,
				676EF4FA2C4CC720009F8DD2 /* Resources */,
			);
			buildRules = (
			);
			dependencies = (
				676EF4FE2C4CC720009F8DD2 /* PBXTargetDependency */,
			);
			name = ListShareTestTests;
			productName = ListShareTestTests;
			productReference = 676EF4FC2C4CC720009F8DD2 /* ListShareTestTests.xctest */;
			productType = "com.apple.product-type.bundle.unit-test";
		};
		676EF5052C4CC720009F8DD2 /* ListShareTestUITests */ = {
			isa = PBXNativeTarget;
			buildConfigurationList = 676EF5162C4CC720009F8DD2 /* Build configuration list for PBXNativeTarget "ListShareTestUITests" */;
			buildPhases = (
				676EF5022C4CC720009F8DD2 /* Sources */,
				676EF5032C4CC720009F8DD2 /* Frameworks */,
				676EF5042C4CC720009F8DD2 /* Resources */,
			);
			buildRules = (
			);
			dependencies = (
				676EF5082C4CC720009F8DD2 /* PBXTargetDependency */,
			);
			name = ListShareTestUITests;
			productName = ListShareTestUITests;
			productReference = 676EF5062C4CC720009F8DD2 /* ListShareTestUITests.xctest */;
			productType = "com.apple.product-type.bundle.ui-testing";
		};
		67A11F902C4EB68B00289BC3 /* ListShareWatch Watch App */ = {
			isa = PBXNativeTarget;
			buildConfigurationList = 67A11FBC2C4EB68D00289BC3 /* Build configuration list for PBXNativeTarget "ListShareWatch Watch App" */;
			buildPhases = (
				67A11F8D2C4EB68B00289BC3 /* Sources */,
				67A11F8E2C4EB68B00289BC3 /* Frameworks */,
				67A11F8F2C4EB68B00289BC3 /* Resources */,
			);
			buildRules = (
			);
			dependencies = (
			);
			name = "ListShareWatch Watch App";
			productName = "ListShareWatch Watch App";
			productReference = 67A11F912C4EB68B00289BC3 /* ListShareWatch Watch App.app */;
			productType = "com.apple.product-type.application";
		};
		67A11F9F2C4EB68D00289BC3 /* ListShareWatch Watch AppTests */ = {
			isa = PBXNativeTarget;
			buildConfigurationList = 67A11FBD2C4EB68D00289BC3 /* Build configuration list for PBXNativeTarget "ListShareWatch Watch AppTests" */;
			buildPhases = (
				67A11F9C2C4EB68D00289BC3 /* Sources */,
				67A11F9D2C4EB68D00289BC3 /* Frameworks */,
				67A11F9E2C4EB68D00289BC3 /* Resources */,
			);
			buildRules = (
			);
			dependencies = (
				67A11FA22C4EB68D00289BC3 /* PBXTargetDependency */,
			);
			name = "ListShareWatch Watch AppTests";
			productName = "ListShareWatch Watch AppTests";
			productReference = 67A11FA02C4EB68D00289BC3 /* ListShareWatch Watch AppTests.xctest */;
			productType = "com.apple.product-type.bundle.unit-test";
		};
		67A11FA92C4EB68D00289BC3 /* ListShareWatch Watch AppUITests */ = {
			isa = PBXNativeTarget;
			buildConfigurationList = 67A11FBE2C4EB68D00289BC3 /* Build configuration list for PBXNativeTarget "ListShareWatch Watch AppUITests" */;
			buildPhases = (
				67A11FA62C4EB68D00289BC3 /* Sources */,
				67A11FA72C4EB68D00289BC3 /* Frameworks */,
				67A11FA82C4EB68D00289BC3 /* Resources */,
			);
			buildRules = (
			);
			dependencies = (
				67A11FAC2C4EB68D00289BC3 /* PBXTargetDependency */,
			);
			name = "ListShareWatch Watch AppUITests";
			productName = "ListShareWatch Watch AppUITests";
			productReference = 67A11FAA2C4EB68D00289BC3 /* ListShareWatch Watch AppUITests.xctest */;
			productType = "com.apple.product-type.bundle.ui-testing";
		};
/* End PBXNativeTarget section */

/* Begin PBXProject section */
		676EF4E42C4CC71F009F8DD2 /* Project object */ = {
			isa = PBXProject;
			attributes = {
				BuildIndependentTargetsInParallel = 1;
				LastSwiftUpdateCheck = 1600;
				LastUpgradeCheck = 1600;
				TargetAttributes = {
					674E185C2C5E936100013F8B = {
						CreatedOnToolsVersion = 16.0;
					};
					674E186C2C5E936300013F8B = {
						CreatedOnToolsVersion = 16.0;
						TestTargetID = 674E185C2C5E936100013F8B;
					};
					674E18762C5E936300013F8B = {
						CreatedOnToolsVersion = 16.0;
						TestTargetID = 674E185C2C5E936100013F8B;
					};
					676EF4EB2C4CC71F009F8DD2 = {
						CreatedOnToolsVersion = 16.0;
					};
					676EF4FB2C4CC720009F8DD2 = {
						CreatedOnToolsVersion = 16.0;
						TestTargetID = 676EF4EB2C4CC71F009F8DD2;
					};
					676EF5052C4CC720009F8DD2 = {
						CreatedOnToolsVersion = 16.0;
						TestTargetID = 676EF4EB2C4CC71F009F8DD2;
					};
					67A11F902C4EB68B00289BC3 = {
						CreatedOnToolsVersion = 16.0;
					};
					67A11F9F2C4EB68D00289BC3 = {
						CreatedOnToolsVersion = 16.0;
						TestTargetID = 67A11F902C4EB68B00289BC3;
					};
					67A11FA92C4EB68D00289BC3 = {
						CreatedOnToolsVersion = 16.0;
						TestTargetID = 67A11F902C4EB68B00289BC3;
					};
				};
			};
			buildConfigurationList = 676EF4E72C4CC71F009F8DD2 /* Build configuration list for PBXProject "ListShareTest" */;
			compatibilityVersion = "Xcode 15.0";
			developmentRegion = en;
			hasScannedForEncodings = 0;
			knownRegions = (
				en,
				Base,
			);
			mainGroup = 676EF4E32C4CC71F009F8DD2;
			productRefGroup = 676EF4ED2C4CC71F009F8DD2 /* Products */;
			projectDirPath = "";
			projectRoot = "";
			targets = (
				676EF4EB2C4CC71F009F8DD2 /* ListShareTest */,
				676EF4FB2C4CC720009F8DD2 /* ListShareTestTests */,
				676EF5052C4CC720009F8DD2 /* ListShareTestUITests */,
				67A11F902C4EB68B00289BC3 /* ListShareWatch Watch App */,
				67A11F9F2C4EB68D00289BC3 /* ListShareWatch Watch AppTests */,
				67A11FA92C4EB68D00289BC3 /* ListShareWatch Watch AppUITests */,
				674E185C2C5E936100013F8B /* MListShareTest */,
				674E186C2C5E936300013F8B /* MListShareTestTests */,
				674E18762C5E936300013F8B /* MListShareTestUITests */,
			);
		};
/* End PBXProject section */

/* Begin PBXResourcesBuildPhase section */
		674E185B2C5E936100013F8B /* Resources */ = {
			isa = PBXResourcesBuildPhase;
			buildActionMask = 2147483647;
			files = (
			);
			runOnlyForDeploymentPostprocessing = 0;
		};
		674E186B2C5E936300013F8B /* Resources */ = {
			isa = PBXResourcesBuildPhase;
			buildActionMask = 2147483647;
			files = (
			);
			runOnlyForDeploymentPostprocessing = 0;
		};
		674E18752C5E936300013F8B /* Resources */ = {
			isa = PBXResourcesBuildPhase;
			buildActionMask = 2147483647;
			files = (
			);
			runOnlyForDeploymentPostprocessing = 0;
		};
		676EF4EA2C4CC71F009F8DD2 /* Resources */ = {
			isa = PBXResourcesBuildPhase;
			buildActionMask = 2147483647;
			files = (
				676EF4F72C4CC720009F8DD2 /* Preview Assets.xcassets in Resources */,
				676EF4F42C4CC720009F8DD2 /* Assets.xcassets in Resources */,
			);
			runOnlyForDeploymentPostprocessing = 0;
		};
		676EF4FA2C4CC720009F8DD2 /* Resources */ = {
			isa = PBXResourcesBuildPhase;
			buildActionMask = 2147483647;
			files = (
			);
			runOnlyForDeploymentPostprocessing = 0;
		};
		676EF5042C4CC720009F8DD2 /* Resources */ = {
			isa = PBXResourcesBuildPhase;
			buildActionMask = 2147483647;
			files = (
			);
			runOnlyForDeploymentPostprocessing = 0;
		};
		67A11F8F2C4EB68B00289BC3 /* Resources */ = {
			isa = PBXResourcesBuildPhase;
			buildActionMask = 2147483647;
			files = (
				67A11F9B2C4EB68D00289BC3 /* Preview Assets.xcassets in Resources */,
				67A11F982C4EB68D00289BC3 /* Assets.xcassets in Resources */,
			);
			runOnlyForDeploymentPostprocessing = 0;
		};
		67A11F9E2C4EB68D00289BC3 /* Resources */ = {
			isa = PBXResourcesBuildPhase;
			buildActionMask = 2147483647;
			files = (
			);
			runOnlyForDeploymentPostprocessing = 0;
		};
		67A11FA82C4EB68D00289BC3 /* Resources */ = {
			isa = PBXResourcesBuildPhase;
			buildActionMask = 2147483647;
			files = (
			);
			runOnlyForDeploymentPostprocessing = 0;
		};
/* End PBXResourcesBuildPhase section */

/* Begin PBXSourcesBuildPhase section */
		674E18592C5E936100013F8B /* Sources */ = {
			isa = PBXSourcesBuildPhase;
			buildActionMask = 2147483647;
			files = (
				674E18882C5E93BA00013F8B /* FriendsData.swift in Sources */,
				674E18892C5E93BA00013F8B /* VersionInformation.swift in Sources */,
				674E188A2C5E93BA00013F8B /* AppLogo.swift in Sources */,
				674E188B2C5E93BA00013F8B /* FamilyData.swift in Sources */,
			);
			runOnlyForDeploymentPostprocessing = 0;
		};
		674E18692C5E936300013F8B /* Sources */ = {
			isa = PBXSourcesBuildPhase;
			buildActionMask = 2147483647;
			files = (
			);
			runOnlyForDeploymentPostprocessing = 0;
		};
		674E18732C5E936300013F8B /* Sources */ = {
			isa = PBXSourcesBuildPhase;
			buildActionMask = 2147483647;
			files = (
			);
			runOnlyForDeploymentPostprocessing = 0;
		};
		676EF4E82C4CC71F009F8DD2 /* Sources */ = {
			isa = PBXSourcesBuildPhase;
			buildActionMask = 2147483647;
			files = (
				6765BBDD2C5574A800B3EA78 /* SDFamilyData.swift in Sources */,
				67BF42542C4EB17800A678FD /* FriendsDetailView.swift in Sources */,
				67BE54952C515EC20060FDA1 /* WAbout.swift in Sources */,
				67BE54862C514C9B0060FDA1 /* Support.swift in Sources */,
				67BF424E2C4EAC2A00A678FD /* Friends.swift in Sources */,
				676EF4F22C4CC71F009F8DD2 /* FamilyView.swift in Sources */,
				670A38C52C5049C50041BC57 /* MainMenu.swift in Sources */,
				6765BBE02C557A5D00B3EA78 /* FamlyDetailView.swift in Sources */,
				67BF42502C4EAE3600A678FD /* FriendsData.swift in Sources */,
				67BE548B2C514E0A0060FDA1 /* SupportData.swift in Sources */,
				676EF51A2C4CC748009F8DD2 /* FamilyData.swift in Sources */,
				67BE54842C514C8F0060FDA1 /* About.swift in Sources */,
				676EF4F02C4CC71F009F8DD2 /* ListShareTestApp.swift in Sources */,
				67BDCE8F2C59E1ED004ACC61 /* SDFriendData.swift in Sources */,
				67BE548E2C5157140060FDA1 /* AppLogo.swift in Sources */,
				67BE54882C514DFA0060FDA1 /* AboutData.swift in Sources */,
				670824DD2C59425300C3C746 /* VersionInformation.swift in Sources */,
			);
			runOnlyForDeploymentPostprocessing = 0;
		};
		676EF4F82C4CC720009F8DD2 /* Sources */ = {
			isa = PBXSourcesBuildPhase;
			buildActionMask = 2147483647;
			files = (
				676EF5012C4CC720009F8DD2 /* ListShareTestTests.swift in Sources */,
				6765BBDF2C557A5D00B3EA78 /* FamlyDetailView.swift in Sources */,
			);
			runOnlyForDeploymentPostprocessing = 0;
		};
		676EF5022C4CC720009F8DD2 /* Sources */ = {
			isa = PBXSourcesBuildPhase;
			buildActionMask = 2147483647;
			files = (
				676EF50D2C4CC720009F8DD2 /* ListShareTestUITestsLaunchTests.swift in Sources */,
				676EF50B2C4CC720009F8DD2 /* ListShareTestUITests.swift in Sources */,
			);
			runOnlyForDeploymentPostprocessing = 0;
		};
		67A11F8D2C4EB68B00289BC3 /* Sources */ = {
			isa = PBXSourcesBuildPhase;
			buildActionMask = 2147483647;
			files = (
				6765BBDC2C5574A800B3EA78 /* SDFamilyData.swift in Sources */,
				6757B6702C5179DD002D2CA6 /* WFriendsDetail.swift in Sources */,
				67A11F962C4EB68B00289BC3 /* WFamilyView.swift in Sources */,
				67BE54912C515E8C0060FDA1 /* About.swift in Sources */,
				67BE54922C515E8C0060FDA1 /* Support.swift in Sources */,
				67A11FBF2C4EB6BC00289BC3 /* FriendsData.swift in Sources */,
				67A11FC02C4EB6BC00289BC3 /* FamilyData.swift in Sources */,
				6757B66E2C5179C8002D2CA6 /* WFriendsView.swift in Sources */,
				67BE548F2C5157140060FDA1 /* AppLogo.swift in Sources */,
				6757B6722C517F22002D2CA6 /* WMainMenu.swift in Sources */,
				67BE54972C515ED20060FDA1 /* WSupport.swift in Sources */,
				67BE54942C515EC20060FDA1 /* WAbout.swift in Sources */,
				67BDCE8E2C59E1ED004ACC61 /* SDFriendData.swift in Sources */,
				670824DE2C59425300C3C746 /* VersionInformation.swift in Sources */,
				67A11FC42C4EBC4000289BC3 /* WFamilyDetail.swift in Sources */,
				67A11F942C4EB68B00289BC3 /* ListShareWatchApp.swift in Sources */,
				67BE548C2C514E0A0060FDA1 /* SupportData.swift in Sources */,
				67BE54892C514DFA0060FDA1 /* AboutData.swift in Sources */,
			);
			runOnlyForDeploymentPostprocessing = 0;
		};
		67A11F9C2C4EB68D00289BC3 /* Sources */ = {
			isa = PBXSourcesBuildPhase;
			buildActionMask = 2147483647;
			files = (
				67A11FA52C4EB68D00289BC3 /* ListShareWatch_Watch_AppTests.swift in Sources */,
			);
			runOnlyForDeploymentPostprocessing = 0;
		};
		67A11FA62C4EB68D00289BC3 /* Sources */ = {
			isa = PBXSourcesBuildPhase;
			buildActionMask = 2147483647;
			files = (
				67A11FB12C4EB68D00289BC3 /* ListShareWatch_Watch_AppUITestsLaunchTests.swift in Sources */,
				67A11FAF2C4EB68D00289BC3 /* ListShareWatch_Watch_AppUITests.swift in Sources */,
			);
			runOnlyForDeploymentPostprocessing = 0;
		};
/* End PBXSourcesBuildPhase section */

/* Begin PBXTargetDependency section */
		674E186F2C5E936300013F8B /* PBXTargetDependency */ = {
			isa = PBXTargetDependency;
			target = 674E185C2C5E936100013F8B /* MListShareTest */;
			targetProxy = 674E186E2C5E936300013F8B /* PBXContainerItemProxy */;
		};
		674E18792C5E936300013F8B /* PBXTargetDependency */ = {
			isa = PBXTargetDependency;
			target = 674E185C2C5E936100013F8B /* MListShareTest */;
			targetProxy = 674E18782C5E936300013F8B /* PBXContainerItemProxy */;
		};
		676EF4FE2C4CC720009F8DD2 /* PBXTargetDependency */ = {
			isa = PBXTargetDependency;
			target = 676EF4EB2C4CC71F009F8DD2 /* ListShareTest */;
			targetProxy = 676EF4FD2C4CC720009F8DD2 /* PBXContainerItemProxy */;
		};
		676EF5082C4CC720009F8DD2 /* PBXTargetDependency */ = {
			isa = PBXTargetDependency;
			target = 676EF4EB2C4CC71F009F8DD2 /* ListShareTest */;
			targetProxy = 676EF5072C4CC720009F8DD2 /* PBXContainerItemProxy */;
		};
		67A11FA22C4EB68D00289BC3 /* PBXTargetDependency */ = {
			isa = PBXTargetDependency;
			target = 67A11F902C4EB68B00289BC3 /* ListShareWatch Watch App */;
			targetProxy = 67A11FA12C4EB68D00289BC3 /* PBXContainerItemProxy */;
		};
		67A11FAC2C4EB68D00289BC3 /* PBXTargetDependency */ = {
			isa = PBXTargetDependency;
			target = 67A11F902C4EB68B00289BC3 /* ListShareWatch Watch App */;
			targetProxy = 67A11FAB2C4EB68D00289BC3 /* PBXContainerItemProxy */;
		};
		67A11FB32C4EB68D00289BC3 /* PBXTargetDependency */ = {
			isa = PBXTargetDependency;
			target = 67A11F902C4EB68B00289BC3 /* ListShareWatch Watch App */;
			targetProxy = 67A11FB22C4EB68D00289BC3 /* PBXContainerItemProxy */;
		};
/* End PBXTargetDependency section */

/* Begin XCBuildConfiguration section */
		674E187F2C5E936300013F8B /* Debug */ = {
			isa = XCBuildConfiguration;
			buildSettings = {
				ASSETCATALOG_COMPILER_APPICON_NAME = AppIcon;
				ASSETCATALOG_COMPILER_GLOBAL_ACCENT_COLOR_NAME = AccentColor;
				CODE_SIGN_ENTITLEMENTS = MListShareTest/MListShareTest.entitlements;
				CODE_SIGN_STYLE = Automatic;
				COMBINE_HIDPI_IMAGES = YES;
				CURRENT_PROJECT_VERSION = 1;
				DEVELOPMENT_ASSET_PATHS = "\"MListShareTest/Preview Content\"";
				DEVELOPMENT_TEAM = 4P8V9ZC6MM;
				ENABLE_HARDENED_RUNTIME = YES;
				ENABLE_PREVIEWS = YES;
				GENERATE_INFOPLIST_FILE = YES;
				INFOPLIST_KEY_NSHumanReadableCopyright = "";
				LD_RUNPATH_SEARCH_PATHS = (
					"$(inherited)",
					"@executable_path/../Frameworks",
				);
				MACOSX_DEPLOYMENT_TARGET = 15.0;
				MARKETING_VERSION = 1.0;
				PRODUCT_BUNDLE_IDENTIFIER = com.connectingpeoplesoftware.MListShareTest;
				PRODUCT_NAME = "$(TARGET_NAME)";
				SDKROOT = macosx;
				SWIFT_EMIT_LOC_STRINGS = YES;
				SWIFT_VERSION = 5.0;
			};
			name = Debug;
		};
		674E18802C5E936300013F8B /* Release */ = {
			isa = XCBuildConfiguration;
			buildSettings = {
				ASSETCATALOG_COMPILER_APPICON_NAME = AppIcon;
				ASSETCATALOG_COMPILER_GLOBAL_ACCENT_COLOR_NAME = AccentColor;
				CODE_SIGN_ENTITLEMENTS = MListShareTest/MListShareTest.entitlements;
				CODE_SIGN_STYLE = Automatic;
				COMBINE_HIDPI_IMAGES = YES;
				CURRENT_PROJECT_VERSION = 1;
				DEVELOPMENT_ASSET_PATHS = "\"MListShareTest/Preview Content\"";
				DEVELOPMENT_TEAM = 4P8V9ZC6MM;
				ENABLE_HARDENED_RUNTIME = YES;
				ENABLE_PREVIEWS = YES;
				GENERATE_INFOPLIST_FILE = YES;
				INFOPLIST_KEY_NSHumanReadableCopyright = "";
				LD_RUNPATH_SEARCH_PATHS = (
					"$(inherited)",
					"@executable_path/../Frameworks",
				);
				MACOSX_DEPLOYMENT_TARGET = 15.0;
				MARKETING_VERSION = 1.0;
				PRODUCT_BUNDLE_IDENTIFIER = com.connectingpeoplesoftware.MListShareTest;
				PRODUCT_NAME = "$(TARGET_NAME)";
				SDKROOT = macosx;
				SWIFT_EMIT_LOC_STRINGS = YES;
				SWIFT_VERSION = 5.0;
			};
			name = Release;
		};
		674E18812C5E936300013F8B /* Debug */ = {
			isa = XCBuildConfiguration;
			buildSettings = {
				BUNDLE_LOADER = "$(TEST_HOST)";
				CODE_SIGN_STYLE = Automatic;
				CURRENT_PROJECT_VERSION = 1;
				DEVELOPMENT_TEAM = 4P8V9ZC6MM;
				GENERATE_INFOPLIST_FILE = YES;
				MACOSX_DEPLOYMENT_TARGET = 15.0;
				MARKETING_VERSION = 1.0;
				PRODUCT_BUNDLE_IDENTIFIER = com.connectingpeoplesoftware.MListShareTestTests;
				PRODUCT_NAME = "$(TARGET_NAME)";
				SDKROOT = macosx;
				SWIFT_EMIT_LOC_STRINGS = NO;
				SWIFT_VERSION = 5.0;
				TEST_HOST = "$(BUILT_PRODUCTS_DIR)/MListShareTest.app/$(BUNDLE_EXECUTABLE_FOLDER_PATH)/MListShareTest";
			};
			name = Debug;
		};
		674E18822C5E936300013F8B /* Release */ = {
			isa = XCBuildConfiguration;
			buildSettings = {
				BUNDLE_LOADER = "$(TEST_HOST)";
				CODE_SIGN_STYLE = Automatic;
				CURRENT_PROJECT_VERSION = 1;
				DEVELOPMENT_TEAM = 4P8V9ZC6MM;
				GENERATE_INFOPLIST_FILE = YES;
				MACOSX_DEPLOYMENT_TARGET = 15.0;
				MARKETING_VERSION = 1.0;
				PRODUCT_BUNDLE_IDENTIFIER = com.connectingpeoplesoftware.MListShareTestTests;
				PRODUCT_NAME = "$(TARGET_NAME)";
				SDKROOT = macosx;
				SWIFT_EMIT_LOC_STRINGS = NO;
				SWIFT_VERSION = 5.0;
				TEST_HOST = "$(BUILT_PRODUCTS_DIR)/MListShareTest.app/$(BUNDLE_EXECUTABLE_FOLDER_PATH)/MListShareTest";
			};
			name = Release;
		};
		674E18832C5E936300013F8B /* Debug */ = {
			isa = XCBuildConfiguration;
			buildSettings = {
				CODE_SIGN_STYLE = Automatic;
				CURRENT_PROJECT_VERSION = 1;
				DEVELOPMENT_TEAM = 4P8V9ZC6MM;
				GENERATE_INFOPLIST_FILE = YES;
				MACOSX_DEPLOYMENT_TARGET = 15.0;
				MARKETING_VERSION = 1.0;
				PRODUCT_BUNDLE_IDENTIFIER = com.connectingpeoplesoftware.MListShareTestUITests;
				PRODUCT_NAME = "$(TARGET_NAME)";
				SDKROOT = macosx;
				SWIFT_EMIT_LOC_STRINGS = NO;
				SWIFT_VERSION = 5.0;
				TEST_TARGET_NAME = MListShareTest;
			};
			name = Debug;
		};
		674E18842C5E936300013F8B /* Release */ = {
			isa = XCBuildConfiguration;
			buildSettings = {
				CODE_SIGN_STYLE = Automatic;
				CURRENT_PROJECT_VERSION = 1;
				DEVELOPMENT_TEAM = 4P8V9ZC6MM;
				GENERATE_INFOPLIST_FILE = YES;
				MACOSX_DEPLOYMENT_TARGET = 15.0;
				MARKETING_VERSION = 1.0;
				PRODUCT_BUNDLE_IDENTIFIER = com.connectingpeoplesoftware.MListShareTestUITests;
				PRODUCT_NAME = "$(TARGET_NAME)";
				SDKROOT = macosx;
				SWIFT_EMIT_LOC_STRINGS = NO;
				SWIFT_VERSION = 5.0;
				TEST_TARGET_NAME = MListShareTest;
			};
			name = Release;
		};
		676EF50E2C4CC720009F8DD2 /* Debug */ = {
			isa = XCBuildConfiguration;
			buildSettings = {
				ALWAYS_SEARCH_USER_PATHS = NO;
				ASSETCATALOG_COMPILER_GENERATE_SWIFT_ASSET_SYMBOL_EXTENSIONS = YES;
				CLANG_ANALYZER_NONNULL = YES;
				CLANG_ANALYZER_NUMBER_OBJECT_CONVERSION = YES_AGGRESSIVE;
				CLANG_CXX_LANGUAGE_STANDARD = "gnu++20";
				CLANG_ENABLE_MODULES = YES;
				CLANG_ENABLE_OBJC_ARC = YES;
				CLANG_ENABLE_OBJC_WEAK = YES;
				CLANG_WARN_BLOCK_CAPTURE_AUTORELEASING = YES;
				CLANG_WARN_BOOL_CONVERSION = YES;
				CLANG_WARN_COMMA = YES;
				CLANG_WARN_CONSTANT_CONVERSION = YES;
				CLANG_WARN_DEPRECATED_OBJC_IMPLEMENTATIONS = YES;
				CLANG_WARN_DIRECT_OBJC_ISA_USAGE = YES_ERROR;
				CLANG_WARN_DOCUMENTATION_COMMENTS = YES;
				CLANG_WARN_EMPTY_BODY = YES;
				CLANG_WARN_ENUM_CONVERSION = YES;
				CLANG_WARN_INFINITE_RECURSION = YES;
				CLANG_WARN_INT_CONVERSION = YES;
				CLANG_WARN_NON_LITERAL_NULL_CONVERSION = YES;
				CLANG_WARN_OBJC_IMPLICIT_RETAIN_SELF = YES;
				CLANG_WARN_OBJC_LITERAL_CONVERSION = YES;
				CLANG_WARN_OBJC_ROOT_CLASS = YES_ERROR;
				CLANG_WARN_QUOTED_INCLUDE_IN_FRAMEWORK_HEADER = YES;
				CLANG_WARN_RANGE_LOOP_ANALYSIS = YES;
				CLANG_WARN_STRICT_PROTOTYPES = YES;
				CLANG_WARN_SUSPICIOUS_MOVE = YES;
				CLANG_WARN_UNGUARDED_AVAILABILITY = YES_AGGRESSIVE;
				CLANG_WARN_UNREACHABLE_CODE = YES;
				CLANG_WARN__DUPLICATE_METHOD_MATCH = YES;
				COPY_PHASE_STRIP = NO;
				DEBUG_INFORMATION_FORMAT = dwarf;
				ENABLE_STRICT_OBJC_MSGSEND = YES;
				ENABLE_TESTABILITY = YES;
				ENABLE_USER_SCRIPT_SANDBOXING = YES;
				GCC_C_LANGUAGE_STANDARD = gnu17;
				GCC_DYNAMIC_NO_PIC = NO;
				GCC_NO_COMMON_BLOCKS = YES;
				GCC_OPTIMIZATION_LEVEL = 0;
				GCC_PREPROCESSOR_DEFINITIONS = (
					"DEBUG=1",
					"$(inherited)",
				);
				GCC_WARN_64_TO_32_BIT_CONVERSION = YES;
				GCC_WARN_ABOUT_RETURN_TYPE = YES_ERROR;
				GCC_WARN_UNDECLARED_SELECTOR = YES;
				GCC_WARN_UNINITIALIZED_AUTOS = YES_AGGRESSIVE;
				GCC_WARN_UNUSED_FUNCTION = YES;
				GCC_WARN_UNUSED_VARIABLE = YES;
				IPHONEOS_DEPLOYMENT_TARGET = 18.0;
				LOCALIZATION_PREFERS_STRING_CATALOGS = YES;
				MTL_ENABLE_DEBUG_INFO = INCLUDE_SOURCE;
				MTL_FAST_MATH = YES;
				ONLY_ACTIVE_ARCH = YES;
				SDKROOT = iphoneos;
				SWIFT_ACTIVE_COMPILATION_CONDITIONS = "DEBUG $(inherited)";
				SWIFT_OPTIMIZATION_LEVEL = "-Onone";
			};
			name = Debug;
		};
		676EF50F2C4CC720009F8DD2 /* Release */ = {
			isa = XCBuildConfiguration;
			buildSettings = {
				ALWAYS_SEARCH_USER_PATHS = NO;
				ASSETCATALOG_COMPILER_GENERATE_SWIFT_ASSET_SYMBOL_EXTENSIONS = YES;
				CLANG_ANALYZER_NONNULL = YES;
				CLANG_ANALYZER_NUMBER_OBJECT_CONVERSION = YES_AGGRESSIVE;
				CLANG_CXX_LANGUAGE_STANDARD = "gnu++20";
				CLANG_ENABLE_MODULES = YES;
				CLANG_ENABLE_OBJC_ARC = YES;
				CLANG_ENABLE_OBJC_WEAK = YES;
				CLANG_WARN_BLOCK_CAPTURE_AUTORELEASING = YES;
				CLANG_WARN_BOOL_CONVERSION = YES;
				CLANG_WARN_COMMA = YES;
				CLANG_WARN_CONSTANT_CONVERSION = YES;
				CLANG_WARN_DEPRECATED_OBJC_IMPLEMENTATIONS = YES;
				CLANG_WARN_DIRECT_OBJC_ISA_USAGE = YES_ERROR;
				CLANG_WARN_DOCUMENTATION_COMMENTS = YES;
				CLANG_WARN_EMPTY_BODY = YES;
				CLANG_WARN_ENUM_CONVERSION = YES;
				CLANG_WARN_INFINITE_RECURSION = YES;
				CLANG_WARN_INT_CONVERSION = YES;
				CLANG_WARN_NON_LITERAL_NULL_CONVERSION = YES;
				CLANG_WARN_OBJC_IMPLICIT_RETAIN_SELF = YES;
				CLANG_WARN_OBJC_LITERAL_CONVERSION = YES;
				CLANG_WARN_OBJC_ROOT_CLASS = YES_ERROR;
				CLANG_WARN_QUOTED_INCLUDE_IN_FRAMEWORK_HEADER = YES;
				CLANG_WARN_RANGE_LOOP_ANALYSIS = YES;
				CLANG_WARN_STRICT_PROTOTYPES = YES;
				CLANG_WARN_SUSPICIOUS_MOVE = YES;
				CLANG_WARN_UNGUARDED_AVAILABILITY = YES_AGGRESSIVE;
				CLANG_WARN_UNREACHABLE_CODE = YES;
				CLANG_WARN__DUPLICATE_METHOD_MATCH = YES;
				COPY_PHASE_STRIP = NO;
				DEBUG_INFORMATION_FORMAT = "dwarf-with-dsym";
				ENABLE_NS_ASSERTIONS = NO;
				ENABLE_STRICT_OBJC_MSGSEND = YES;
				ENABLE_USER_SCRIPT_SANDBOXING = YES;
				GCC_C_LANGUAGE_STANDARD = gnu17;
				GCC_NO_COMMON_BLOCKS = YES;
				GCC_WARN_64_TO_32_BIT_CONVERSION = YES;
				GCC_WARN_ABOUT_RETURN_TYPE = YES_ERROR;
				GCC_WARN_UNDECLARED_SELECTOR = YES;
				GCC_WARN_UNINITIALIZED_AUTOS = YES_AGGRESSIVE;
				GCC_WARN_UNUSED_FUNCTION = YES;
				GCC_WARN_UNUSED_VARIABLE = YES;
				IPHONEOS_DEPLOYMENT_TARGET = 18.0;
				LOCALIZATION_PREFERS_STRING_CATALOGS = YES;
				MTL_ENABLE_DEBUG_INFO = NO;
				MTL_FAST_MATH = YES;
				SDKROOT = iphoneos;
				SWIFT_COMPILATION_MODE = wholemodule;
				VALIDATE_PRODUCT = YES;
			};
			name = Release;
		};
		676EF5112C4CC720009F8DD2 /* Debug */ = {
			isa = XCBuildConfiguration;
			buildSettings = {
				ASSETCATALOG_COMPILER_APPICON_NAME = AppIcon;
				ASSETCATALOG_COMPILER_GLOBAL_ACCENT_COLOR_NAME = AccentColor;
				CODE_SIGN_STYLE = Automatic;
				CURRENT_PROJECT_VERSION = 1;
				DEVELOPMENT_ASSET_PATHS = "\"ListShareTest/Preview Content\"";
				DEVELOPMENT_TEAM = 4P8V9ZC6MM;
				ENABLE_PREVIEWS = YES;
				GENERATE_INFOPLIST_FILE = YES;
				INFOPLIST_KEY_UIApplicationSceneManifest_Generation = YES;
				INFOPLIST_KEY_UIApplicationSupportsIndirectInputEvents = YES;
				INFOPLIST_KEY_UILaunchScreen_Generation = YES;
				INFOPLIST_KEY_UISupportedInterfaceOrientations_iPad = "UIInterfaceOrientationPortrait UIInterfaceOrientationPortraitUpsideDown UIInterfaceOrientationLandscapeLeft UIInterfaceOrientationLandscapeRight";
				INFOPLIST_KEY_UISupportedInterfaceOrientations_iPhone = "UIInterfaceOrientationPortrait UIInterfaceOrientationLandscapeLeft UIInterfaceOrientationLandscapeRight";
				LD_RUNPATH_SEARCH_PATHS = (
					"$(inherited)",
					"@executable_path/Frameworks",
				);
				MARKETING_VERSION = 1.0;
				PRODUCT_BUNDLE_IDENTIFIER = com.connectingpeoplesoftware.ListShareTest;
				PRODUCT_NAME = "$(TARGET_NAME)";
				SUPPORTED_PLATFORMS = "iphoneos iphonesimulator";
				SUPPORTS_MACCATALYST = NO;
				SUPPORTS_MAC_DESIGNED_FOR_IPHONE_IPAD = NO;
				SUPPORTS_XR_DESIGNED_FOR_IPHONE_IPAD = NO;
				SWIFT_EMIT_LOC_STRINGS = YES;
				SWIFT_VERSION = 5.0;
				TARGETED_DEVICE_FAMILY = 1;
			};
			name = Debug;
		};
		676EF5122C4CC720009F8DD2 /* Release */ = {
			isa = XCBuildConfiguration;
			buildSettings = {
				ASSETCATALOG_COMPILER_APPICON_NAME = AppIcon;
				ASSETCATALOG_COMPILER_GLOBAL_ACCENT_COLOR_NAME = AccentColor;
				CODE_SIGN_STYLE = Automatic;
				CURRENT_PROJECT_VERSION = 1;
				DEVELOPMENT_ASSET_PATHS = "\"ListShareTest/Preview Content\"";
				DEVELOPMENT_TEAM = 4P8V9ZC6MM;
				ENABLE_PREVIEWS = YES;
				GENERATE_INFOPLIST_FILE = YES;
				INFOPLIST_KEY_UIApplicationSceneManifest_Generation = YES;
				INFOPLIST_KEY_UIApplicationSupportsIndirectInputEvents = YES;
				INFOPLIST_KEY_UILaunchScreen_Generation = YES;
				INFOPLIST_KEY_UISupportedInterfaceOrientations_iPad = "UIInterfaceOrientationPortrait UIInterfaceOrientationPortraitUpsideDown UIInterfaceOrientationLandscapeLeft UIInterfaceOrientationLandscapeRight";
				INFOPLIST_KEY_UISupportedInterfaceOrientations_iPhone = "UIInterfaceOrientationPortrait UIInterfaceOrientationLandscapeLeft UIInterfaceOrientationLandscapeRight";
				LD_RUNPATH_SEARCH_PATHS = (
					"$(inherited)",
					"@executable_path/Frameworks",
				);
				MARKETING_VERSION = 1.0;
				PRODUCT_BUNDLE_IDENTIFIER = com.connectingpeoplesoftware.ListShareTest;
				PRODUCT_NAME = "$(TARGET_NAME)";
				SUPPORTED_PLATFORMS = "iphoneos iphonesimulator";
				SUPPORTS_MACCATALYST = NO;
				SUPPORTS_MAC_DESIGNED_FOR_IPHONE_IPAD = NO;
				SUPPORTS_XR_DESIGNED_FOR_IPHONE_IPAD = NO;
				SWIFT_EMIT_LOC_STRINGS = YES;
				SWIFT_VERSION = 5.0;
				TARGETED_DEVICE_FAMILY = 1;
			};
			name = Release;
		};
		676EF5142C4CC720009F8DD2 /* Debug */ = {
			isa = XCBuildConfiguration;
			buildSettings = {
				BUNDLE_LOADER = "$(TEST_HOST)";
				CODE_SIGN_STYLE = Automatic;
				CURRENT_PROJECT_VERSION = 1;
				DEVELOPMENT_TEAM = 4P8V9ZC6MM;
				GENERATE_INFOPLIST_FILE = YES;
				IPHONEOS_DEPLOYMENT_TARGET = 18.0;
				MARKETING_VERSION = 1.0;
				PRODUCT_BUNDLE_IDENTIFIER = com.connectingpeoplesoftware.ListShareTestTests;
				PRODUCT_NAME = "$(TARGET_NAME)";
				SWIFT_EMIT_LOC_STRINGS = NO;
				SWIFT_VERSION = 5.0;
				TARGETED_DEVICE_FAMILY = "1,2";
				TEST_HOST = "$(BUILT_PRODUCTS_DIR)/ListShareTest.app/$(BUNDLE_EXECUTABLE_FOLDER_PATH)/ListShareTest";
			};
			name = Debug;
		};
		676EF5152C4CC720009F8DD2 /* Release */ = {
			isa = XCBuildConfiguration;
			buildSettings = {
				BUNDLE_LOADER = "$(TEST_HOST)";
				CODE_SIGN_STYLE = Automatic;
				CURRENT_PROJECT_VERSION = 1;
				DEVELOPMENT_TEAM = 4P8V9ZC6MM;
				GENERATE_INFOPLIST_FILE = YES;
				IPHONEOS_DEPLOYMENT_TARGET = 18.0;
				MARKETING_VERSION = 1.0;
				PRODUCT_BUNDLE_IDENTIFIER = com.connectingpeoplesoftware.ListShareTestTests;
				PRODUCT_NAME = "$(TARGET_NAME)";
				SWIFT_EMIT_LOC_STRINGS = NO;
				SWIFT_VERSION = 5.0;
				TARGETED_DEVICE_FAMILY = "1,2";
				TEST_HOST = "$(BUILT_PRODUCTS_DIR)/ListShareTest.app/$(BUNDLE_EXECUTABLE_FOLDER_PATH)/ListShareTest";
			};
			name = Release;
		};
		676EF5172C4CC720009F8DD2 /* Debug */ = {
			isa = XCBuildConfiguration;
			buildSettings = {
				CODE_SIGN_STYLE = Automatic;
				CURRENT_PROJECT_VERSION = 1;
				DEVELOPMENT_TEAM = 4P8V9ZC6MM;
				GENERATE_INFOPLIST_FILE = YES;
				MARKETING_VERSION = 1.0;
				PRODUCT_BUNDLE_IDENTIFIER = com.connectingpeoplesoftware.ListShareTestUITests;
				PRODUCT_NAME = "$(TARGET_NAME)";
				SWIFT_EMIT_LOC_STRINGS = NO;
				SWIFT_VERSION = 5.0;
				TARGETED_DEVICE_FAMILY = "1,2";
				TEST_TARGET_NAME = ListShareTest;
			};
			name = Debug;
		};
		676EF5182C4CC720009F8DD2 /* Release */ = {
			isa = XCBuildConfiguration;
			buildSettings = {
				CODE_SIGN_STYLE = Automatic;
				CURRENT_PROJECT_VERSION = 1;
				DEVELOPMENT_TEAM = 4P8V9ZC6MM;
				GENERATE_INFOPLIST_FILE = YES;
				MARKETING_VERSION = 1.0;
				PRODUCT_BUNDLE_IDENTIFIER = com.connectingpeoplesoftware.ListShareTestUITests;
				PRODUCT_NAME = "$(TARGET_NAME)";
				SWIFT_EMIT_LOC_STRINGS = NO;
				SWIFT_VERSION = 5.0;
				TARGETED_DEVICE_FAMILY = "1,2";
				TEST_TARGET_NAME = ListShareTest;
			};
			name = Release;
		};
		67A11FB62C4EB68D00289BC3 /* Debug */ = {
			isa = XCBuildConfiguration;
			buildSettings = {
				ASSETCATALOG_COMPILER_APPICON_NAME = AppIcon;
				ASSETCATALOG_COMPILER_GLOBAL_ACCENT_COLOR_NAME = AccentColor;
				CODE_SIGN_STYLE = Automatic;
				CURRENT_PROJECT_VERSION = 1;
				DEVELOPMENT_ASSET_PATHS = "\"ListShareWatch Watch App/Preview Content\"";
				DEVELOPMENT_TEAM = 4P8V9ZC6MM;
				ENABLE_PREVIEWS = YES;
				GENERATE_INFOPLIST_FILE = YES;
				INFOPLIST_KEY_CFBundleDisplayName = ListShareWatch;
				INFOPLIST_KEY_UISupportedInterfaceOrientations = "UIInterfaceOrientationPortrait UIInterfaceOrientationPortraitUpsideDown";
				INFOPLIST_KEY_WKCompanionAppBundleIdentifier = com.connectingpeoplesoftware.ListShareTest;
				LD_RUNPATH_SEARCH_PATHS = (
					"$(inherited)",
					"@executable_path/Frameworks",
				);
				MARKETING_VERSION = 1.0;
				PRODUCT_BUNDLE_IDENTIFIER = com.connectingpeoplesoftware.ListShareTest.watchkitapp;
				PRODUCT_NAME = "$(TARGET_NAME)";
				SDKROOT = watchos;
				SKIP_INSTALL = YES;
				SWIFT_EMIT_LOC_STRINGS = YES;
				SWIFT_VERSION = 5.0;
				TARGETED_DEVICE_FAMILY = 4;
				WATCHOS_DEPLOYMENT_TARGET = 11.0;
			};
			name = Debug;
		};
		67A11FB72C4EB68D00289BC3 /* Release */ = {
			isa = XCBuildConfiguration;
			buildSettings = {
				ASSETCATALOG_COMPILER_APPICON_NAME = AppIcon;
				ASSETCATALOG_COMPILER_GLOBAL_ACCENT_COLOR_NAME = AccentColor;
				CODE_SIGN_STYLE = Automatic;
				CURRENT_PROJECT_VERSION = 1;
				DEVELOPMENT_ASSET_PATHS = "\"ListShareWatch Watch App/Preview Content\"";
				DEVELOPMENT_TEAM = 4P8V9ZC6MM;
				ENABLE_PREVIEWS = YES;
				GENERATE_INFOPLIST_FILE = YES;
				INFOPLIST_KEY_CFBundleDisplayName = ListShareWatch;
				INFOPLIST_KEY_UISupportedInterfaceOrientations = "UIInterfaceOrientationPortrait UIInterfaceOrientationPortraitUpsideDown";
				INFOPLIST_KEY_WKCompanionAppBundleIdentifier = com.connectingpeoplesoftware.ListShareTest;
				LD_RUNPATH_SEARCH_PATHS = (
					"$(inherited)",
					"@executable_path/Frameworks",
				);
				MARKETING_VERSION = 1.0;
				PRODUCT_BUNDLE_IDENTIFIER = com.connectingpeoplesoftware.ListShareTest.watchkitapp;
				PRODUCT_NAME = "$(TARGET_NAME)";
				SDKROOT = watchos;
				SKIP_INSTALL = YES;
				SWIFT_EMIT_LOC_STRINGS = YES;
				SWIFT_VERSION = 5.0;
				TARGETED_DEVICE_FAMILY = 4;
				WATCHOS_DEPLOYMENT_TARGET = 11.0;
			};
			name = Release;
		};
		67A11FB82C4EB68D00289BC3 /* Debug */ = {
			isa = XCBuildConfiguration;
			buildSettings = {
				BUNDLE_LOADER = "$(TEST_HOST)";
				CODE_SIGN_STYLE = Automatic;
				CURRENT_PROJECT_VERSION = 1;
				DEVELOPMENT_TEAM = 4P8V9ZC6MM;
				GENERATE_INFOPLIST_FILE = YES;
				MARKETING_VERSION = 1.0;
				PRODUCT_BUNDLE_IDENTIFIER = "com.connectingpeoplesoftware.ListShareWatch-Watch-AppTests";
				PRODUCT_NAME = "$(TARGET_NAME)";
				SDKROOT = watchos;
				SWIFT_EMIT_LOC_STRINGS = NO;
				SWIFT_VERSION = 5.0;
				TARGETED_DEVICE_FAMILY = 4;
				TEST_HOST = "$(BUILT_PRODUCTS_DIR)/ListShareWatch Watch App.app/$(BUNDLE_EXECUTABLE_FOLDER_PATH)/ListShareWatch Watch App";
				WATCHOS_DEPLOYMENT_TARGET = 11.0;
			};
			name = Debug;
		};
		67A11FB92C4EB68D00289BC3 /* Release */ = {
			isa = XCBuildConfiguration;
			buildSettings = {
				BUNDLE_LOADER = "$(TEST_HOST)";
				CODE_SIGN_STYLE = Automatic;
				CURRENT_PROJECT_VERSION = 1;
				DEVELOPMENT_TEAM = 4P8V9ZC6MM;
				GENERATE_INFOPLIST_FILE = YES;
				MARKETING_VERSION = 1.0;
				PRODUCT_BUNDLE_IDENTIFIER = "com.connectingpeoplesoftware.ListShareWatch-Watch-AppTests";
				PRODUCT_NAME = "$(TARGET_NAME)";
				SDKROOT = watchos;
				SWIFT_EMIT_LOC_STRINGS = NO;
				SWIFT_VERSION = 5.0;
				TARGETED_DEVICE_FAMILY = 4;
				TEST_HOST = "$(BUILT_PRODUCTS_DIR)/ListShareWatch Watch App.app/$(BUNDLE_EXECUTABLE_FOLDER_PATH)/ListShareWatch Watch App";
				WATCHOS_DEPLOYMENT_TARGET = 11.0;
			};
			name = Release;
		};
		67A11FBA2C4EB68D00289BC3 /* Debug */ = {
			isa = XCBuildConfiguration;
			buildSettings = {
				CODE_SIGN_STYLE = Automatic;
				CURRENT_PROJECT_VERSION = 1;
				DEVELOPMENT_TEAM = 4P8V9ZC6MM;
				GENERATE_INFOPLIST_FILE = YES;
				MARKETING_VERSION = 1.0;
				PRODUCT_BUNDLE_IDENTIFIER = "com.connectingpeoplesoftware.ListShareWatch-Watch-AppUITests";
				PRODUCT_NAME = "$(TARGET_NAME)";
				SDKROOT = watchos;
				SWIFT_EMIT_LOC_STRINGS = NO;
				SWIFT_VERSION = 5.0;
				TARGETED_DEVICE_FAMILY = 4;
				TEST_TARGET_NAME = "ListShareWatch Watch App";
				WATCHOS_DEPLOYMENT_TARGET = 11.0;
			};
			name = Debug;
		};
		67A11FBB2C4EB68D00289BC3 /* Release */ = {
			isa = XCBuildConfiguration;
			buildSettings = {
				CODE_SIGN_STYLE = Automatic;
				CURRENT_PROJECT_VERSION = 1;
				DEVELOPMENT_TEAM = 4P8V9ZC6MM;
				GENERATE_INFOPLIST_FILE = YES;
				MARKETING_VERSION = 1.0;
				PRODUCT_BUNDLE_IDENTIFIER = "com.connectingpeoplesoftware.ListShareWatch-Watch-AppUITests";
				PRODUCT_NAME = "$(TARGET_NAME)";
				SDKROOT = watchos;
				SWIFT_EMIT_LOC_STRINGS = NO;
				SWIFT_VERSION = 5.0;
				TARGETED_DEVICE_FAMILY = 4;
				TEST_TARGET_NAME = "ListShareWatch Watch App";
				WATCHOS_DEPLOYMENT_TARGET = 11.0;
			};
			name = Release;
		};
/* End XCBuildConfiguration section */

/* Begin XCConfigurationList section */
		674E18852C5E936300013F8B /* Build configuration list for PBXNativeTarget "MListShareTest" */ = {
			isa = XCConfigurationList;
			buildConfigurations = (
				674E187F2C5E936300013F8B /* Debug */,
				674E18802C5E936300013F8B /* Release */,
			);
			defaultConfigurationIsVisible = 0;
			defaultConfigurationName = Release;
		};
		674E18862C5E936300013F8B /* Build configuration list for PBXNativeTarget "MListShareTestTests" */ = {
			isa = XCConfigurationList;
			buildConfigurations = (
				674E18812C5E936300013F8B /* Debug */,
				674E18822C5E936300013F8B /* Release */,
			);
			defaultConfigurationIsVisible = 0;
			defaultConfigurationName = Release;
		};
		674E18872C5E936300013F8B /* Build configuration list for PBXNativeTarget "MListShareTestUITests" */ = {
			isa = XCConfigurationList;
			buildConfigurations = (
				674E18832C5E936300013F8B /* Debug */,
				674E18842C5E936300013F8B /* Release */,
			);
			defaultConfigurationIsVisible = 0;
			defaultConfigurationName = Release;
		};
		676EF4E72C4CC71F009F8DD2 /* Build configuration list for PBXProject "ListShareTest" */ = {
			isa = XCConfigurationList;
			buildConfigurations = (
				676EF50E2C4CC720009F8DD2 /* Debug */,
				676EF50F2C4CC720009F8DD2 /* Release */,
			);
			defaultConfigurationIsVisible = 0;
			defaultConfigurationName = Release;
		};
		676EF5102C4CC720009F8DD2 /* Build configuration list for PBXNativeTarget "ListShareTest" */ = {
			isa = XCConfigurationList;
			buildConfigurations = (
				676EF5112C4CC720009F8DD2 /* Debug */,
				676EF5122C4CC720009F8DD2 /* Release */,
			);
			defaultConfigurationIsVisible = 0;
			defaultConfigurationName = Release;
		};
		676EF5132C4CC720009F8DD2 /* Build configuration list for PBXNativeTarget "ListShareTestTests" */ = {
			isa = XCConfigurationList;
			buildConfigurations = (
				676EF5142C4CC720009F8DD2 /* Debug */,
				676EF5152C4CC720009F8DD2 /* Release */,
			);
			defaultConfigurationIsVisible = 0;
			defaultConfigurationName = Release;
		};
		676EF5162C4CC720009F8DD2 /* Build configuration list for PBXNativeTarget "ListShareTestUITests" */ = {
			isa = XCConfigurationList;
			buildConfigurations = (
				676EF5172C4CC720009F8DD2 /* Debug */,
				676EF5182C4CC720009F8DD2 /* Release */,
			);
			defaultConfigurationIsVisible = 0;
			defaultConfigurationName = Release;
		};
		67A11FBC2C4EB68D00289BC3 /* Build configuration list for PBXNativeTarget "ListShareWatch Watch App" */ = {
			isa = XCConfigurationList;
			buildConfigurations = (
				67A11FB62C4EB68D00289BC3 /* Debug */,
				67A11FB72C4EB68D00289BC3 /* Release */,
			);
			defaultConfigurationIsVisible = 0;
			defaultConfigurationName = Release;
		};
		67A11FBD2C4EB68D00289BC3 /* Build configuration list for PBXNativeTarget "ListShareWatch Watch AppTests" */ = {
			isa = XCConfigurationList;
			buildConfigurations = (
				67A11FB82C4EB68D00289BC3 /* Debug */,
				67A11FB92C4EB68D00289BC3 /* Release */,
			);
			defaultConfigurationIsVisible = 0;
			defaultConfigurationName = Release;
		};
		67A11FBE2C4EB68D00289BC3 /* Build configuration list for PBXNativeTarget "ListShareWatch Watch AppUITests" */ = {
			isa = XCConfigurationList;
			buildConfigurations = (
				67A11FBA2C4EB68D00289BC3 /* Debug */,
				67A11FBB2C4EB68D00289BC3 /* Release */,
			);
			defaultConfigurationIsVisible = 0;
			defaultConfigurationName = Release;
		};
/* End XCConfigurationList section */
	};
	rootObject = 676EF4E42C4CC71F009F8DD2 /* Project object */;
}
